
Microsoft Visual Studio Solution File, Format Version 12.00
# Visual Studio Version 17
VisualStudioVersion = 17.1.32421.90
MinimumVisualStudioVersion = 15.0.26124.0
Project("{2150E333-8FDC-42A3-9474-1A3956D46DE8}") = "src", "src", "{29CADB27-97DE-40B7-B33B-427768300C24}"
EndProject
Project("{9A19103F-16F7-4668-BE54-9A1E7A4F7556}") = "OnlineStore.Data", "src\OnlineStore.Data\OnlineStore.Data.csproj", "{50420443-D09A-4105-8F32-770FDF2589DF}"
EndProject
Project("{FAE04EC0-301F-11D3-BF4B-00C04F79EFBC}") = "OnlineStore", "src\OnlineStore\OnlineStore.csproj", "{B14ACA2A-0F79-4B7E-B269-4989618096CE}"
EndProject
Global
	GlobalSection(SolutionConfigurationPlatforms) = preSolution
		Debug|Any CPU = Debug|Any CPU
		Debug|x64 = Debug|x64
		Debug|x86 = Debug|x86
		Release|Any CPU = Release|Any CPU
		Release|x64 = Release|x64
		Release|x86 = Release|x86
	EndGlobalSection
	GlobalSection(ProjectConfigurationPlatforms) = postSolution
		{50420443-D09A-4105-8F32-770FDF2589DF}.Debug|Any CPU.ActiveCfg = Debug|Any CPU
		{50420443-D09A-4105-8F32-770FDF2589DF}.Debug|Any CPU.Build.0 = Debug|Any CPU
		{50420443-D09A-4105-8F32-770FDF2589DF}.Debug|x64.ActiveCfg = Debug|Any CPU
		{50420443-D09A-4105-8F32-770FDF2589DF}.Debug|x64.Build.0 = Debug|Any CPU
		{50420443-D09A-4105-8F32-770FDF2589DF}.Debug|x86.ActiveCfg = Debug|Any CPU
		{50420443-D09A-4105-8F32-770FDF2589DF}.Debug|x86.Build.0 = Debug|Any CPU
		{50420443-D09A-4105-8F32-770FDF2589DF}.Release|Any CPU.ActiveCfg = Release|Any CPU
		{50420443-D09A-4105-8F32-770FDF2589DF}.Release|Any CPU.Build.0 = Release|Any CPU
		{50420443-D09A-4105-8F32-770FDF2589DF}.Release|x64.ActiveCfg = Release|Any CPU
		{50420443-D09A-4105-8F32-770FDF2589DF}.Release|x64.Build.0 = Release|Any CPU
		{50420443-D09A-4105-8F32-770FDF2589DF}.Release|x86.ActiveCfg = Release|Any CPU
		{50420443-D09A-4105-8F32-770FDF2589DF}.Release|x86.Build.0 = Release|Any CPU
		{B14ACA2A-0F79-4B7E-B269-4989618096CE}.Debug|Any CPU.ActiveCfg = Debug|Any CPU
		{B14ACA2A-0F79-4B7E-B269-4989618096CE}.Debug|Any CPU.Build.0 = Debug|Any CPU
		{B14ACA2A-0F79-4B7E-B269-4989618096CE}.Debug|x64.ActiveCfg = Debug|Any CPU
		{B14ACA2A-0F79-4B7E-B269-4989618096CE}.Debug|x64.Build.0 = Debug|Any CPU
		{B14ACA2A-0F79-4B7E-B269-4989618096CE}.Debug|x86.ActiveCfg = Debug|Any CPU
		{B14ACA2A-0F79-4B7E-B269-4989618096CE}.Debug|x86.Build.0 = Debug|Any CPU
		{B14ACA2A-0F79-4B7E-B269-4989618096CE}.Release|Any CPU.ActiveCfg = Release|Any CPU
		{B14ACA2A-0F79-4B7E-B269-4989618096CE}.Release|Any CPU.Build.0 = Release|Any CPU
		{B14ACA2A-0F79-4B7E-B269-4989618096CE}.Release|x64.ActiveCfg = Release|Any CPU
		{B14ACA2A-0F79-4B7E-B269-4989618096CE}.Release|x64.Build.0 = Release|Any CPU
		{B14ACA2A-0F79-4B7E-B269-4989618096CE}.Release|x86.ActiveCfg = Release|Any CPU
		{B14ACA2A-0F79-4B7E-B269-4989618096CE}.Release|x86.Build.0 = Release|Any CPU
	EndGlobalSection
	GlobalSection(SolutionProperties) = preSolution
		HideSolutionNode = FALSE
	EndGlobalSection
	GlobalSection(NestedProjects) = preSolution
		{50420443-D09A-4105-8F32-770FDF2589DF} = {29CADB27-97DE-40B7-B33B-427768300C24}
		{B14ACA2A-0F79-4B7E-B269-4989618096CE} = {29CADB27-97DE-40B7-B33B-427768300C24}
	EndGlobalSection
	GlobalSection(ExtensibilityGlobals) = postSolution
		SolutionGuid = {9fdd96b9-5d66-44e5-929e-31ff4b533d1d}
	EndGlobalSection
EndGlobal
